[root]
name = "distrgp_testimpl"
version = "0.0.1"
dependencies = [
 "csv 0.14.3 (registry+https://github.com/rust-lang/crates.io-index)",
 "distrgp_evaluator 0.0.1",
 "distrgp_generator 0.0.1",
 "distrgp_providedoperators 0.0.1",
 "distrgp_util 0.0.1",
 "dot 0.1.2 (registry+https://github.com/rust-lang/crates.io-index)",
 "env_logger 0.3.2 (registry+https://github.com/rust-lang/crates.io-index)",
 "log 0.3.4 (registry+https://github.com/rust-lang/crates.io-index)",
 "rand 0.3.12 (registry+https://github.com/rust-lang/crates.io-index)",
]

[[package]]
name = "advapi32-sys"
version = "0.1.2"
source = "registry+https://github.com/rust-lang/crates.io-index"
dependencies = [
 "winapi 0.2.5 (registry+https://github.com/rust-lang/crates.io-index)",
 "winapi-build 0.1.1 (registry+https://github.com/rust-lang/crates.io-index)",
]

[[package]]
name = "aho-corasick"
version = "0.3.4"
source = "registry+https://github.com/rust-lang/crates.io-index"
dependencies = [
 "memchr 0.1.7 (registry+https://github.com/rust-lang/crates.io-index)",
]

[[package]]
name = "bitflags"
version = "0.3.3"
source = "registry+https://github.com/rust-lang/crates.io-index"

[[package]]
name = "byteorder"
version = "0.3.13"
source = "registry+https://github.com/rust-lang/crates.io-index"

[[package]]
name = "csv"
version = "0.14.3"
source = "registry+https://github.com/rust-lang/crates.io-index"
dependencies = [
 "byteorder 0.3.13 (registry+https://github.com/rust-lang/crates.io-index)",
 "rustc-serialize 0.3.16 (registry+https://github.com/rust-lang/crates.io-index)",
]

[[package]]
name = "distrgp_evaluator"
version = "0.0.1"
dependencies = [
 "distrgp_generator 0.0.1",
 "log 0.3.4 (registry+https://github.com/rust-lang/crates.io-index)",
 "rand 0.3.12 (registry+https://github.com/rust-lang/crates.io-index)",
 "threadpool 0.1.4 (registry+https://github.com/rust-lang/crates.io-index)",
]

[[package]]
name = "distrgp_generator"
version = "0.0.1"
dependencies = [
 "rand 0.3.12 (registry+https://github.com/rust-lang/crates.io-index)",
 "tempfile 1.1.3 (registry+https://github.com/rust-lang/crates.io-index)",
 "xml-rs 0.2.2 (registry+https://github.com/rust-lang/crates.io-index)",
]

[[package]]
name = "distrgp_providedoperators"
version = "0.0.1"
dependencies = [
 "distrgp_generator 0.0.1",
 "log 0.3.4 (registry+https://github.com/rust-lang/crates.io-index)",
 "rand 0.3.12 (registry+https://github.com/rust-lang/crates.io-index)",
]

[[package]]
name = "distrgp_util"
version = "0.0.1"
dependencies = [
 "distrgp_evaluator 0.0.1",
 "distrgp_generator 0.0.1",
 "dot 0.1.2 (registry+https://github.com/rust-lang/crates.io-index)",
 "log 0.3.4 (registry+https://github.com/rust-lang/crates.io-index)",
 "rand 0.3.12 (registry+https://github.com/rust-lang/crates.io-index)",
]

[[package]]
name = "dot"
version = "0.1.2"
source = "registry+https://github.com/rust-lang/crates.io-index"

[[package]]
name = "env_logger"
version = "0.3.2"
source = "registry+https://github.com/rust-lang/crates.io-index"
dependencies = [
 "log 0.3.4 (registry+https://github.com/rust-lang/crates.io-index)",
 "regex 0.1.41 (registry+https://github.com/rust-lang/crates.io-index)",
]

[[package]]
name = "kernel32-sys"
version = "0.2.1"
source = "registry+https://github.com/rust-lang/crates.io-index"
dependencies = [
 "winapi 0.2.5 (registry+https://github.com/rust-lang/crates.io-index)",
 "winapi-build 0.1.1 (registry+https://github.com/rust-lang/crates.io-index)",
]

[[package]]
name = "libc"
version = "0.2.2"
source = "registry+https://github.com/rust-lang/crates.io-index"

[[package]]
name = "log"
version = "0.3.4"
source = "registry+https://github.com/rust-lang/crates.io-index"
dependencies = [
 "libc 0.2.2 (registry+https://github.com/rust-lang/crates.io-index)",
]

[[package]]
name = "memchr"
version = "0.1.7"
source = "registry+https://github.com/rust-lang/crates.io-index"
dependencies = [
 "libc 0.2.2 (registry+https://github.com/rust-lang/crates.io-index)",
]

[[package]]
name = "rand"
version = "0.3.12"
source = "registry+https://github.com/rust-lang/crates.io-index"
dependencies = [
 "advapi32-sys 0.1.2 (registry+https://github.com/rust-lang/crates.io-index)",
 "libc 0.2.2 (registry+https://github.com/rust-lang/crates.io-index)",
 "winapi 0.2.5 (registry+https://github.com/rust-lang/crates.io-index)",
]

[[package]]
name = "regex"
version = "0.1.41"
source = "registry+https://github.com/rust-lang/crates.io-index"
dependencies = [
 "aho-corasick 0.3.4 (registry+https://github.com/rust-lang/crates.io-index)",
 "memchr 0.1.7 (registry+https://github.com/rust-lang/crates.io-index)",
 "regex-syntax 0.2.2 (registry+https://github.com/rust-lang/crates.io-index)",
]

[[package]]
name = "regex-syntax"
version = "0.2.2"
source = "registry+https://github.com/rust-lang/crates.io-index"

[[package]]
name = "rustc-serialize"
version = "0.3.16"
source = "registry+https://github.com/rust-lang/crates.io-index"

[[package]]
name = "tempfile"
version = "1.1.3"
source = "registry+https://github.com/rust-lang/crates.io-index"
dependencies = [
 "kernel32-sys 0.2.1 (registry+https://github.com/rust-lang/crates.io-index)",
 "libc 0.2.2 (registry+https://github.com/rust-lang/crates.io-index)",
 "rand 0.3.12 (registry+https://github.com/rust-lang/crates.io-index)",
 "winapi 0.2.5 (registry+https://github.com/rust-lang/crates.io-index)",
]

[[package]]
name = "threadpool"
version = "0.1.4"
source = "registry+https://github.com/rust-lang/crates.io-index"

[[package]]
name = "winapi"
version = "0.2.5"
source = "registry+https://github.com/rust-lang/crates.io-index"

[[package]]
name = "winapi-build"
version = "0.1.1"
source = "registry+https://github.com/rust-lang/crates.io-index"

[[package]]
name = "xml-rs"
version = "0.2.2"
source = "registry+https://github.com/rust-lang/crates.io-index"
dependencies = [
 "bitflags 0.3.3 (registry+https://github.com/rust-lang/crates.io-index)",
]

